
Microsoft Visual Studio Solution File, Format Version 12.00
# Visual Studio Version 16
VisualStudioVersion = 16.0.31911.196
MinimumVisualStudioVersion = 10.0.40219.1
Project("{FAE04EC0-301F-11D3-BF4B-00C04F79EFBC}") = "2.8.PetleZad", "2.8.PetleZad.csproj", "{4CA6F6B0-A12F-4CEA-9F9D-EE02D3256680}"
EndProject
Global
	GlobalSection(SolutionConfigurationPlatforms) = preSolution
		Debug|Any CPU = Debug|Any CPU
		Release|Any CPU = Release|Any CPU
	EndGlobalSection
	GlobalSection(ProjectConfigurationPlatforms) = postSolution
		{4CA6F6B0-A12F-4CEA-9F9D-EE02D3256680}.Debug|Any CPU.ActiveCfg = Debug|Any CPU
		{4CA6F6B0-A12F-4CEA-9F9D-EE02D3256680}.Debug|Any CPU.Build.0 = Debug|Any CPU
		{4CA6F6B0-A12F-4CEA-9F9D-EE02D3256680}.Release|Any CPU.ActiveCfg = Release|Any CPU
		{4CA6F6B0-A12F-4CEA-9F9D-EE02D3256680}.Release|Any CPU.Build.0 = Release|Any CPU
	EndGlobalSection
	GlobalSection(SolutionProperties) = preSolution
		HideSolutionNode = FALSE
	EndGlobalSection
	GlobalSection(ExtensibilityGlobals) = postSolution
		SolutionGuid = {5E22892C-3F8D-4128-BA3F-3ED08DB54657}
	EndGlobalSection
EndGlobal
